{
  "lockfile-version": 1,
  "manifest": {
    "version": 1,
    "install": {
      "just": {
        "pkg-path": "just"
      },
      "libclang": {
        "pkg-path": "libclang"
      },
      "libiconv": {
        "pkg-path": "libiconv",
        "systems": [
          "aarch64-darwin",
          "x86_64-darwin"
        ]
      },
      "openssl": {
        "pkg-path": "openssl"
      },
      "pkg-config": {
        "pkg-path": "pkg-config"
      },
      "rustup": {
        "pkg-path": "rustup"
      }
    },
    "vars": {
      "AR_aarch64_unknown_linux_musl": "ar",
      "CARGO_HOME": "$FLOX_ENV_PROJECT/.flox/cache/cargo",
      "CC": "gcc",
      "CC_aarch64_unknown_linux_musl": "gcc",
      "PATH": "$CARGO_HOME/bin:$PATH",
      "RUSTUP_HOME": "$FLOX_ENV_PROJECT/.flox/cache/rustup"
    },
    "hook": {
      "on-activate": "  # Rust/OpenSSL build configuration\n  export PKG_CONFIG_PATH=\"${PKG_CONFIG_PATH:+$PKG_CONFIG_PATH:}$FLOX_ENV/lib/pkgconfig\"\n  export OPENSSL_DIR=\"$FLOX_ENV\"\n\n  # Fix for cargo issues with LD_AUDIT on flox (https://github.com/flox/flox/issues/1341#issuecomment-2067207817)\n  unset LD_AUDIT\n\n  # Install stable toolchain if not present\n  if [ ! -d \"$RUSTUP_HOME/toolchains\" ]; then\n    echo \"Installing stable toolchain to project directory...\"\n    rustup toolchain install stable\n    rustup default stable\n    echo \"✓ Stable toolchain installed\"\n  fi\n\n  # Add musl targets for static builds\n  if ! rustup target list --installed | grep -q \"aarch64-unknown-linux-musl\"; then\n    rustup target add aarch64-unknown-linux-musl\n    rustup target add x86_64-unknown-linux-musl\n  fi\n\n  cargo install tree-sitter-cli --locked\n  cargo install watchexec-cli\n\n  echo \"Just run 'just' to get started!\"\n  echo \"\"\n"
    },
    "profile": {},
    "options": {}
  },
  "packages": [
    {
      "attr_path": "just",
      "broken": false,
      "derivation": "/nix/store/xa4ji0rg0r5richc3jmbi5285vd7x8nf-just-1.43.1.drv",
      "description": "Handy way to save and run project-specific commands",
      "install_id": "just",
      "license": "CC0-1.0",
      "locked_url": "https://github.com/flox/nixpkgs?rev=addf7cf5f383a3101ecfba091b98d0a1263dc9b8",
      "name": "just-1.43.1",
      "pname": "just",
      "rev": "addf7cf5f383a3101ecfba091b98d0a1263dc9b8",
      "rev_count": 908783,
      "rev_date": "2025-12-08T09:27:56Z",
      "scrape_date": "2025-12-10T02:54:58.699398Z",
      "stabilities": [
        "staging",
        "unstable"
      ],
      "unfree": false,
      "version": "1.43.1",
      "outputs_to_install": [
        "man",
        "out"
      ],
      "outputs": {
        "doc": "/nix/store/g2z02i3a2z17h9cmx04sp7zpzzgzkqh8-just-1.43.1-doc",
        "man": "/nix/store/y8ggbr7rq06mpqsdckpdsxzhjkspw63g-just-1.43.1-man",
        "out": "/nix/store/g6cidwix7lzzb0i5lpisvb7gx051qsc1-just-1.43.1"
      },
      "system": "aarch64-darwin",
      "group": "toplevel",
      "priority": 5
    },
    {
      "attr_path": "just",
      "broken": false,
      "derivation": "/nix/store/k4j49c343j0zasiamm81ylpkvihbyc4y-just-1.43.1.drv",
      "description": "Handy way to save and run project-specific commands",
      "install_id": "just",
      "license": "CC0-1.0",
      "locked_url": "https://github.com/flox/nixpkgs?rev=addf7cf5f383a3101ecfba091b98d0a1263dc9b8",
      "name": "just-1.43.1",
      "pname": "just",
      "rev": "addf7cf5f383a3101ecfba091b98d0a1263dc9b8",
      "rev_count": 908783,
      "rev_date": "2025-12-08T09:27:56Z",
      "scrape_date": "2025-12-10T03:04:15.460660Z",
      "stabilities": [
        "staging",
        "unstable"
      ],
      "unfree": false,
      "version": "1.43.1",
      "outputs_to_install": [
        "man",
        "out"
      ],
      "outputs": {
        "doc": "/nix/store/99qn6axss3rk7c681rkhj9zza0ax2i74-just-1.43.1-doc",
        "man": "/nix/store/59aflmjxv0qbkaqzmjni4yydg873dl5v-just-1.43.1-man",
        "out": "/nix/store/ni4jn8rsn0h49lng7hdq6584zc4gpy9l-just-1.43.1"
      },
      "system": "aarch64-linux",
      "group": "toplevel",
      "priority": 5
    },
    {
      "attr_path": "just",
      "broken": false,
      "derivation": "/nix/store/66w205j74zfnp4fmwi7rggs8hg1kxrlh-just-1.43.1.drv",
      "description": "Handy way to save and run project-specific commands",
      "install_id": "just",
      "license": "CC0-1.0",
      "locked_url": "https://github.com/flox/nixpkgs?rev=addf7cf5f383a3101ecfba091b98d0a1263dc9b8",
      "name": "just-1.43.1",
      "pname": "just",
      "rev": "addf7cf5f383a3101ecfba091b98d0a1263dc9b8",
      "rev_count": 908783,
      "rev_date": "2025-12-08T09:27:56Z",
      "scrape_date": "2025-12-10T03:14:13.092487Z",
      "stabilities": [
        "staging",
        "unstable"
      ],
      "unfree": false,
      "version": "1.43.1",
      "outputs_to_install": [
        "man",
        "out"
      ],
      "outputs": {
        "doc": "/nix/store/kqx5lgjwpaipi7whnydwkl72alwvn5jz-just-1.43.1-doc",
        "man": "/nix/store/j67aa2bj6ssz61x4bh0ga0z1qzzv3prp-just-1.43.1-man",
        "out": "/nix/store/aa9459rdk1lzj2yd27csaasn9hb98ckr-just-1.43.1"
      },
      "system": "x86_64-darwin",
      "group": "toplevel",
      "priority": 5
    },
    {
      "attr_path": "just",
      "broken": false,
      "derivation": "/nix/store/7qy22sjsyx9jnh44lqvn2a0a2l62dbkr-just-1.43.1.drv",
      "description": "Handy way to save and run project-specific commands",
      "install_id": "just",
      "license": "CC0-1.0",
      "locked_url": "https://github.com/flox/nixpkgs?rev=addf7cf5f383a3101ecfba091b98d0a1263dc9b8",
      "name": "just-1.43.1",
      "pname": "just",
      "rev": "addf7cf5f383a3101ecfba091b98d0a1263dc9b8",
      "rev_count": 908783,
      "rev_date": "2025-12-08T09:27:56Z",
      "scrape_date": "2025-12-10T03:23:39.278226Z",
      "stabilities": [
        "staging",
        "unstable"
      ],
      "unfree": false,
      "version": "1.43.1",
      "outputs_to_install": [
        "man",
        "out"
      ],
      "outputs": {
        "doc": "/nix/store/idyx9h5gmcnzzqbjb50nwf30i4g1050v-just-1.43.1-doc",
        "man": "/nix/store/ib17hahpg1vpgh1ll0r7nb6rkmilpiil-just-1.43.1-man",
        "out": "/nix/store/kkmg0vkp9y4jp9yqgzrml0fgac9lfcyq-just-1.43.1"
      },
      "system": "x86_64-linux",
      "group": "toplevel",
      "priority": 5
    },
    {
      "attr_path": "libclang",
      "broken": false,
      "derivation": "/nix/store/b5bmrb2y8v47ffiv3fr3yrkav6g79cgz-clang-21.1.2.drv",
      "description": "C language family frontend for LLVM",
      "install_id": "libclang",
      "license": "[ NCSA, Apache-2.0, LLVM-exception ]",
      "locked_url": "https://github.com/flox/nixpkgs?rev=addf7cf5f383a3101ecfba091b98d0a1263dc9b8",
      "name": "clang-21.1.2",
      "pname": "libclang",
      "rev": "addf7cf5f383a3101ecfba091b98d0a1263dc9b8",
      "rev_count": 908783,
      "rev_date": "2025-12-08T09:27:56Z",
      "scrape_date": "2025-12-10T02:54:59.648271Z",
      "stabilities": [
        "staging",
        "unstable"
      ],
      "unfree": false,
      "version": "21.1.2",
      "outputs_to_install": [
        "out",
        "out"
      ],
      "outputs": {
        "dev": "/nix/store/dkx3kqqzryd71y7raml37wlr905kmj7v-clang-21.1.2-dev",
        "lib": "/nix/store/9cmq42r6756j8pdw5x3d81maqr8gvx3q-clang-21.1.2-lib",
        "out": "/nix/store/w5wjc54p5cgl4cr1mfkd3lisnaiszaq7-clang-21.1.2",
        "python": "/nix/store/559bhirzhms648bd142v1m6a4mhzhkmm-clang-21.1.2-python"
      },
      "system": "aarch64-darwin",
      "group": "toplevel",
      "priority": 5
    },
    {
      "attr_path": "libclang",
      "broken": false,
      "derivation": "/nix/store/q7j7a89ff3iswblr0ixjsm9g74nkahg7-clang-21.1.2.drv",
      "description": "C language family frontend for LLVM",
      "install_id": "libclang",
      "license": "[ NCSA, Apache-2.0, LLVM-exception ]",
      "locked_url": "https://github.com/flox/nixpkgs?rev=addf7cf5f383a3101ecfba091b98d0a1263dc9b8",
      "name": "clang-21.1.2",
      "pname": "libclang",
      "rev": "addf7cf5f383a3101ecfba091b98d0a1263dc9b8",
      "rev_count": 908783,
      "rev_date": "2025-12-08T09:27:56Z",
      "scrape_date": "2025-12-10T03:04:17.750952Z",
      "stabilities": [
        "staging",
        "unstable"
      ],
      "unfree": false,
      "version": "21.1.2",
      "outputs_to_install": [
        "out",
        "out"
      ],
      "outputs": {
        "debug": "/nix/store/skx6z6h6w8pp89djy3jl11mwjskbd4ck-clang-21.1.2-debug",
        "dev": "/nix/store/y98yqq9z68x82k96kmsp6afqbm0sy5v4-clang-21.1.2-dev",
        "lib": "/nix/store/85rm1h3c3v4hrvmmqm43li7xalka9mab-clang-21.1.2-lib",
        "out": "/nix/store/qyj318rmi2y48s3anrylnyqz9h5hh11k-clang-21.1.2",
        "python": "/nix/store/5ajwpd9bl1yzvdwp1hkrfg6yvc9shlwa-clang-21.1.2-python"
      },
      "system": "aarch64-linux",
      "group": "toplevel",
      "priority": 5
    },
    {
      "attr_path": "libclang",
      "broken": false,
      "derivation": "/nix/store/nping2mafiy9nxz7h7kdf7l6qpp02isr-clang-21.1.2.drv",
      "description": "C language family frontend for LLVM",
      "install_id": "libclang",
      "license": "[ NCSA, Apache-2.0, LLVM-exception ]",
      "locked_url": "https://github.com/flox/nixpkgs?rev=addf7cf5f383a3101ecfba091b98d0a1263dc9b8",
      "name": "clang-21.1.2",
      "pname": "libclang",
      "rev": "addf7cf5f383a3101ecfba091b98d0a1263dc9b8",
      "rev_count": 908783,
      "rev_date": "2025-12-08T09:27:56Z",
      "scrape_date": "2025-12-10T03:14:14.086613Z",
      "stabilities": [
        "staging",
        "unstable"
      ],
      "unfree": false,
      "version": "21.1.2",
      "outputs_to_install": [
        "out",
        "out"
      ],
      "outputs": {
        "dev": "/nix/store/lqp0h5wcshvhvi05pvd9nv2rii9cjcr0-clang-21.1.2-dev",
        "lib": "/nix/store/wvc8kis5smxy4v63xcw179ahn3i6jsf1-clang-21.1.2-lib",
        "out": "/nix/store/ar99kq0ka0f5irzhy16lypjj3vggkqxc-clang-21.1.2",
        "python": "/nix/store/yc59bhnq16hsnq2x0ycraxpvq20yv7aw-clang-21.1.2-python"
      },
      "system": "x86_64-darwin",
      "group": "toplevel",
      "priority": 5
    },
    {
      "attr_path": "libclang",
      "broken": false,
      "derivation": "/nix/store/4arc8vjnvwpl5d5x4m3f0kyl43b7a8nf-clang-21.1.2.drv",
      "description": "C language family frontend for LLVM",
      "install_id": "libclang",
      "license": "[ NCSA, Apache-2.0, LLVM-exception ]",
      "locked_url": "https://github.com/flox/nixpkgs?rev=addf7cf5f383a3101ecfba091b98d0a1263dc9b8",
      "name": "clang-21.1.2",
      "pname": "libclang",
      "rev": "addf7cf5f383a3101ecfba091b98d0a1263dc9b8",
      "rev_count": 908783,
      "rev_date": "2025-12-08T09:27:56Z",
      "scrape_date": "2025-12-10T03:23:41.593579Z",
      "stabilities": [
        "staging",
        "unstable"
      ],
      "unfree": false,
      "version": "21.1.2",
      "outputs_to_install": [
        "out",
        "out"
      ],
      "outputs": {
        "debug": "/nix/store/d0fnv071q88mwf75k5wa4sswikl3pnsy-clang-21.1.2-debug",
        "dev": "/nix/store/p2qgyv33z6xkhfypxigx4l7qc5dnb1hh-clang-21.1.2-dev",
        "lib": "/nix/store/kl4w4f8bb77faahsdv40gjmfzg2d081d-clang-21.1.2-lib",
        "out": "/nix/store/xrnlavkjfxarwxzqh7vk3yjbva16rpbc-clang-21.1.2",
        "python": "/nix/store/qrz1vfgb89mq379fz52bv5j5n4mkhl41-clang-21.1.2-python"
      },
      "system": "x86_64-linux",
      "group": "toplevel",
      "priority": 5
    },
    {
      "attr_path": "libiconv",
      "broken": false,
      "derivation": "/nix/store/cqmiyahmdcjxs3q1j6fklsmkj9h2dmnw-libiconv-109.100.2.drv",
      "description": "Iconv(3) implementation",
      "install_id": "libiconv",
      "license": "[ BSD-2-Clause, BSD-3-Clause, APSL-1.0 ]",
      "locked_url": "https://github.com/flox/nixpkgs?rev=addf7cf5f383a3101ecfba091b98d0a1263dc9b8",
      "name": "libiconv-109.100.2",
      "pname": "libiconv",
      "rev": "addf7cf5f383a3101ecfba091b98d0a1263dc9b8",
      "rev_count": 908783,
      "rev_date": "2025-12-08T09:27:56Z",
      "scrape_date": "2025-12-10T02:54:59.843357Z",
      "stabilities": [
        "staging",
        "unstable"
      ],
      "unfree": false,
      "version": "109.100.2",
      "outputs_to_install": [
        "out",
        "out"
      ],
      "outputs": {
        "dev": "/nix/store/wwhxjbysdz2nlzggimqwwf5jpmz3lq4g-libiconv-109.100.2-dev",
        "out": "/nix/store/9kffgbvhza212ishsam4p8wklh92ih9v-libiconv-109.100.2"
      },
      "system": "aarch64-darwin",
      "group": "toplevel",
      "priority": 5
    },
    {
      "attr_path": "libiconv",
      "broken": false,
      "derivation": "/nix/store/a8m4k0z7in93zq7y8in3w6ab3biyxhk9-libiconv-109.100.2.drv",
      "description": "Iconv(3) implementation",
      "install_id": "libiconv",
      "license": "[ BSD-2-Clause, BSD-3-Clause, APSL-1.0 ]",
      "locked_url": "https://github.com/flox/nixpkgs?rev=addf7cf5f383a3101ecfba091b98d0a1263dc9b8",
      "name": "libiconv-109.100.2",
      "pname": "libiconv",
      "rev": "addf7cf5f383a3101ecfba091b98d0a1263dc9b8",
      "rev_count": 908783,
      "rev_date": "2025-12-08T09:27:56Z",
      "scrape_date": "2025-12-10T03:14:14.295486Z",
      "stabilities": [
        "staging",
        "unstable"
      ],
      "unfree": false,
      "version": "109.100.2",
      "outputs_to_install": [
        "out",
        "out"
      ],
      "outputs": {
        "dev": "/nix/store/y0hbafr9r8p1gj6b3r94da25f3cym6x2-libiconv-109.100.2-dev",
        "out": "/nix/store/ala8mxpss08vad0a7c9fkwqy5hz9wwqc-libiconv-109.100.2"
      },
      "system": "x86_64-darwin",
      "group": "toplevel",
      "priority": 5
    },
    {
      "attr_path": "openssl",
      "broken": false,
      "derivation": "/nix/store/zfg836p7bhddd7yv8iiifjp7mz4w7bcz-openssl-3.6.0.drv",
      "description": "Cryptographic library that implements the SSL and TLS protocols",
      "install_id": "openssl",
      "license": "Apache-2.0",
      "locked_url": "https://github.com/flox/nixpkgs?rev=addf7cf5f383a3101ecfba091b98d0a1263dc9b8",
      "name": "openssl-3.6.0",
      "pname": "openssl",
      "rev": "addf7cf5f383a3101ecfba091b98d0a1263dc9b8",
      "rev_count": 908783,
      "rev_date": "2025-12-08T09:27:56Z",
      "scrape_date": "2025-12-10T02:55:08.542063Z",
      "stabilities": [
        "staging",
        "unstable"
      ],
      "unfree": false,
      "version": "3.6.0",
      "outputs_to_install": [
        "bin",
        "bin",
        "man"
      ],
      "outputs": {
        "bin": "/nix/store/z9prisxci5h5lsk3rdknd4jzq7k9q13d-openssl-3.6.0-bin",
        "dev": "/nix/store/h0qgqik0mk0wn7rmm2kk3grfi1wzly74-openssl-3.6.0-dev",
        "doc": "/nix/store/yx3ip21fdaaxpjn5fbir02mqnaw9cm4f-openssl-3.6.0-doc",
        "man": "/nix/store/ii9mnzr3i92mgk9dkgg65739mavd0j6f-openssl-3.6.0-man",
        "out": "/nix/store/3z54dgks2mz3dhwddj158sdibll8xmq5-openssl-3.6.0"
      },
      "system": "aarch64-darwin",
      "group": "toplevel",
      "priority": 5
    },
    {
      "attr_path": "openssl",
      "broken": false,
      "derivation": "/nix/store/l531wmdavsf9g286x1i396s2y5drcxjf-openssl-3.6.0.drv",
      "description": "Cryptographic library that implements the SSL and TLS protocols",
      "install_id": "openssl",
      "license": "Apache-2.0",
      "locked_url": "https://github.com/flox/nixpkgs?rev=addf7cf5f383a3101ecfba091b98d0a1263dc9b8",
      "name": "openssl-3.6.0",
      "pname": "openssl",
      "rev": "addf7cf5f383a3101ecfba091b98d0a1263dc9b8",
      "rev_count": 908783,
      "rev_date": "2025-12-08T09:27:56Z",
      "scrape_date": "2025-12-10T03:04:36.201013Z",
      "stabilities": [
        "staging",
        "unstable"
      ],
      "unfree": false,
      "version": "3.6.0",
      "outputs_to_install": [
        "bin",
        "bin",
        "bin",
        "man"
      ],
      "outputs": {
        "bin": "/nix/store/wb6q44n9kcb5acmaa4rgqsajadx1fhhl-openssl-3.6.0-bin",
        "debug": "/nix/store/ci6d4k1sj4bnr892lsrqqmjiihqsk0bl-openssl-3.6.0-debug",
        "dev": "/nix/store/pq8b7fb3282g68pmk14mbyi20qn6chid-openssl-3.6.0-dev",
        "doc": "/nix/store/vaplp6w56dyz38986bgkf0pbg3r486b2-openssl-3.6.0-doc",
        "man": "/nix/store/c9n1alb7ypzjvzd47m16fiwfczz23qs3-openssl-3.6.0-man",
        "out": "/nix/store/nj50gkyx813dxvfmsg1q8m330hmf3h86-openssl-3.6.0"
      },
      "system": "aarch64-linux",
      "group": "toplevel",
      "priority": 5
    },
    {
      "attr_path": "openssl",
      "broken": false,
      "derivation": "/nix/store/1hy2n24d6a1k1nxhq0pgl1zf5vf1j4l2-openssl-3.6.0.drv",
      "description": "Cryptographic library that implements the SSL and TLS protocols",
      "install_id": "openssl",
      "license": "Apache-2.0",
      "locked_url": "https://github.com/flox/nixpkgs?rev=addf7cf5f383a3101ecfba091b98d0a1263dc9b8",
      "name": "openssl-3.6.0",
      "pname": "openssl",
      "rev": "addf7cf5f383a3101ecfba091b98d0a1263dc9b8",
      "rev_count": 908783,
      "rev_date": "2025-12-08T09:27:56Z",
      "scrape_date": "2025-12-10T03:14:23.627955Z",
      "stabilities": [
        "staging",
        "unstable"
      ],
      "unfree": false,
      "version": "3.6.0",
      "outputs_to_install": [
        "bin",
        "bin",
        "man"
      ],
      "outputs": {
        "bin": "/nix/store/m3xwn9n0jypwjgi256idfzs979g30j29-openssl-3.6.0-bin",
        "dev": "/nix/store/dirjrfjk8jgsbdpslgb51cav6qaxn2vm-openssl-3.6.0-dev",
        "doc": "/nix/store/va1zhkz0nfmycvd0h239hi4w40qgaxcx-openssl-3.6.0-doc",
        "man": "/nix/store/hw43f3y1vl7ydrd4samnwnrwqqwkpisv-openssl-3.6.0-man",
        "out": "/nix/store/q9a4wssx24xsy28w8kifdqizc01fh7sc-openssl-3.6.0"
      },
      "system": "x86_64-darwin",
      "group": "toplevel",
      "priority": 5
    },
    {
      "attr_path": "openssl",
      "broken": false,
      "derivation": "/nix/store/gbdp0ycqp6x4gmpd6rbnis361b7amhzv-openssl-3.6.0.drv",
      "description": "Cryptographic library that implements the SSL and TLS protocols",
      "install_id": "openssl",
      "license": "Apache-2.0",
      "locked_url": "https://github.com/flox/nixpkgs?rev=addf7cf5f383a3101ecfba091b98d0a1263dc9b8",
      "name": "openssl-3.6.0",
      "pname": "openssl",
      "rev": "addf7cf5f383a3101ecfba091b98d0a1263dc9b8",
      "rev_count": 908783,
      "rev_date": "2025-12-08T09:27:56Z",
      "scrape_date": "2025-12-10T03:24:02.151775Z",
      "stabilities": [
        "staging",
        "unstable"
      ],
      "unfree": false,
      "version": "3.6.0",
      "outputs_to_install": [
        "bin",
        "bin",
        "bin",
        "bin",
        "bin",
        "man"
      ],
      "outputs": {
        "bin": "/nix/store/k0gl1zc7f5hk87lylxwbipb0b870bcmk-openssl-3.6.0-bin",
        "debug": "/nix/store/sqv8kbdgfxlr2d6nysr8c2715qpsi6f5-openssl-3.6.0-debug",
        "dev": "/nix/store/ydrckgnllgg8nmhdwni81h7xhcpnrlhd-openssl-3.6.0-dev",
        "doc": "/nix/store/cgp9ig35iwicfb9spcrgyg2m5dmlcgrv-openssl-3.6.0-doc",
        "man": "/nix/store/a9jdl6xq9fc98ykpvqmc9kf0b0j9y8wh-openssl-3.6.0-man",
        "out": "/nix/store/61i74yjkj9p1qphfl7018ja4sdwkipx0-openssl-3.6.0"
      },
      "system": "x86_64-linux",
      "group": "toplevel",
      "priority": 5
    },
    {
      "attr_path": "pkg-config",
      "broken": false,
      "derivation": "/nix/store/kpn73cr0w4xsgxy2yngbp75lx0abwinw-pkg-config-wrapper-0.29.2.drv",
      "description": "Tool that allows packages to find out information about other packages (wrapper script)",
      "install_id": "pkg-config",
      "license": "GPL-2.0-or-later",
      "locked_url": "https://github.com/flox/nixpkgs?rev=addf7cf5f383a3101ecfba091b98d0a1263dc9b8",
      "name": "pkg-config-wrapper-0.29.2",
      "pname": "pkg-config",
      "rev": "addf7cf5f383a3101ecfba091b98d0a1263dc9b8",
      "rev_count": 908783,
      "rev_date": "2025-12-08T09:27:56Z",
      "scrape_date": "2025-12-10T02:55:19.339736Z",
      "stabilities": [
        "staging",
        "unstable"
      ],
      "unfree": false,
      "version": "0.29.2",
      "outputs_to_install": [
        "man",
        "out"
      ],
      "outputs": {
        "doc": "/nix/store/hqk44ra6qxw7iixardl6c3hdgb9kq6ns-pkg-config-wrapper-0.29.2-doc",
        "man": "/nix/store/9px0sji43x3r2w4zxl3j3idwsql7lwxx-pkg-config-wrapper-0.29.2-man",
        "out": "/nix/store/hygaaqwk9ylklp0ybwppqhw75nz8ya41-pkg-config-wrapper-0.29.2"
      },
      "system": "aarch64-darwin",
      "group": "toplevel",
      "priority": 5
    },
    {
      "attr_path": "pkg-config",
      "broken": false,
      "derivation": "/nix/store/ywlzh48afxq7z2wzrycvx8njfk6xq1rl-pkg-config-wrapper-0.29.2.drv",
      "description": "Tool that allows packages to find out information about other packages (wrapper script)",
      "install_id": "pkg-config",
      "license": "GPL-2.0-or-later",
      "locked_url": "https://github.com/flox/nixpkgs?rev=addf7cf5f383a3101ecfba091b98d0a1263dc9b8",
      "name": "pkg-config-wrapper-0.29.2",
      "pname": "pkg-config",
      "rev": "addf7cf5f383a3101ecfba091b98d0a1263dc9b8",
      "rev_count": 908783,
      "rev_date": "2025-12-08T09:27:56Z",
      "scrape_date": "2025-12-10T03:04:51.951248Z",
      "stabilities": [
        "staging",
        "unstable"
      ],
      "unfree": false,
      "version": "0.29.2",
      "outputs_to_install": [
        "man",
        "out",
        "out"
      ],
      "outputs": {
        "doc": "/nix/store/0y4v51ndpyvkj09hwlfqkz0c3h17zfmc-pkg-config-wrapper-0.29.2-doc",
        "man": "/nix/store/10060k24qggqyzlwdsfmni9y32zxcg0j-pkg-config-wrapper-0.29.2-man",
        "out": "/nix/store/lbiigi8qbp7mzf1lpr7p982l1kyf01ql-pkg-config-wrapper-0.29.2"
      },
      "system": "aarch64-linux",
      "group": "toplevel",
      "priority": 5
    },
    {
      "attr_path": "pkg-config",
      "broken": false,
      "derivation": "/nix/store/nv5whb5ijbpqyvdwywc0zq42i1n1am84-pkg-config-wrapper-0.29.2.drv",
      "description": "Tool that allows packages to find out information about other packages (wrapper script)",
      "install_id": "pkg-config",
      "license": "GPL-2.0-or-later",
      "locked_url": "https://github.com/flox/nixpkgs?rev=addf7cf5f383a3101ecfba091b98d0a1263dc9b8",
      "name": "pkg-config-wrapper-0.29.2",
      "pname": "pkg-config",
      "rev": "addf7cf5f383a3101ecfba091b98d0a1263dc9b8",
      "rev_count": 908783,
      "rev_date": "2025-12-08T09:27:56Z",
      "scrape_date": "2025-12-10T03:14:35.263088Z",
      "stabilities": [
        "staging",
        "unstable"
      ],
      "unfree": false,
      "version": "0.29.2",
      "outputs_to_install": [
        "man",
        "out"
      ],
      "outputs": {
        "doc": "/nix/store/7lq1axxwrafwljs06n88bzyz9w523rkc-pkg-config-wrapper-0.29.2-doc",
        "man": "/nix/store/1nyspra675q22gfhf7hn2nmfpi6rgim5-pkg-config-wrapper-0.29.2-man",
        "out": "/nix/store/vknadizq0q5kffvx6y4379p9gdry9zq3-pkg-config-wrapper-0.29.2"
      },
      "system": "x86_64-darwin",
      "group": "toplevel",
      "priority": 5
    },
    {
      "attr_path": "pkg-config",
      "broken": false,
      "derivation": "/nix/store/4zg11ipj7n424rk25a3vakm59mg23llq-pkg-config-wrapper-0.29.2.drv",
      "description": "Tool that allows packages to find out information about other packages (wrapper script)",
      "install_id": "pkg-config",
      "license": "GPL-2.0-or-later",
      "locked_url": "https://github.com/flox/nixpkgs?rev=addf7cf5f383a3101ecfba091b98d0a1263dc9b8",
      "name": "pkg-config-wrapper-0.29.2",
      "pname": "pkg-config",
      "rev": "addf7cf5f383a3101ecfba091b98d0a1263dc9b8",
      "rev_count": 908783,
      "rev_date": "2025-12-08T09:27:56Z",
      "scrape_date": "2025-12-10T03:24:18.682147Z",
      "stabilities": [
        "staging",
        "unstable"
      ],
      "unfree": false,
      "version": "0.29.2",
      "outputs_to_install": [
        "man",
        "out",
        "out"
      ],
      "outputs": {
        "doc": "/nix/store/x3bypxdxaq20kykybhkf21x4jczsiy8y-pkg-config-wrapper-0.29.2-doc",
        "man": "/nix/store/j9xfpnrygg3v37svc5pfin9q5bm49r94-pkg-config-wrapper-0.29.2-man",
        "out": "/nix/store/8vdiwpbh0g4avsd6x5v4s0di32vcl3dp-pkg-config-wrapper-0.29.2"
      },
      "system": "x86_64-linux",
      "group": "toplevel",
      "priority": 5
    },
    {
      "attr_path": "rustup",
      "broken": false,
      "derivation": "/nix/store/5588ff8jac8h8sfbczx6arik56imki6f-rustup-1.28.2.drv",
      "description": "Rust toolchain installer",
      "install_id": "rustup",
      "license": "[ Apache-2.0, MIT ]",
      "locked_url": "https://github.com/flox/nixpkgs?rev=addf7cf5f383a3101ecfba091b98d0a1263dc9b8",
      "name": "rustup-1.28.2",
      "pname": "rustup",
      "rev": "addf7cf5f383a3101ecfba091b98d0a1263dc9b8",
      "rev_count": 908783,
      "rev_date": "2025-12-08T09:27:56Z",
      "scrape_date": "2025-12-10T02:56:09.043616Z",
      "stabilities": [
        "staging",
        "unstable"
      ],
      "unfree": false,
      "version": "1.28.2",
      "outputs_to_install": [
        "out"
      ],
      "outputs": {
        "out": "/nix/store/p7y6g5vv8b81s0l00m70c0r1jkfkcqb9-rustup-1.28.2"
      },
      "system": "aarch64-darwin",
      "group": "toplevel",
      "priority": 5
    },
    {
      "attr_path": "rustup",
      "broken": false,
      "derivation": "/nix/store/mi4wk5iqghb61xv5ia57vk8y1x93c960-rustup-1.28.2.drv",
      "description": "Rust toolchain installer",
      "install_id": "rustup",
      "license": "[ Apache-2.0, MIT ]",
      "locked_url": "https://github.com/flox/nixpkgs?rev=addf7cf5f383a3101ecfba091b98d0a1263dc9b8",
      "name": "rustup-1.28.2",
      "pname": "rustup",
      "rev": "addf7cf5f383a3101ecfba091b98d0a1263dc9b8",
      "rev_count": 908783,
      "rev_date": "2025-12-08T09:27:56Z",
      "scrape_date": "2025-12-10T03:06:02.974611Z",
      "stabilities": [
        "staging",
        "unstable"
      ],
      "unfree": false,
      "version": "1.28.2",
      "outputs_to_install": [
        "out"
      ],
      "outputs": {
        "out": "/nix/store/id0sia0zrmgxx4y30sfvm3prglkkjj5f-rustup-1.28.2"
      },
      "system": "aarch64-linux",
      "group": "toplevel",
      "priority": 5
    },
    {
      "attr_path": "rustup",
      "broken": false,
      "derivation": "/nix/store/k7lx80npj56raab847jx868drqh53j96-rustup-1.28.2.drv",
      "description": "Rust toolchain installer",
      "install_id": "rustup",
      "license": "[ Apache-2.0, MIT ]",
      "locked_url": "https://github.com/flox/nixpkgs?rev=addf7cf5f383a3101ecfba091b98d0a1263dc9b8",
      "name": "rustup-1.28.2",
      "pname": "rustup",
      "rev": "addf7cf5f383a3101ecfba091b98d0a1263dc9b8",
      "rev_count": 908783,
      "rev_date": "2025-12-08T09:27:56Z",
      "scrape_date": "2025-12-10T03:15:29.933304Z",
      "stabilities": [
        "staging",
        "unstable"
      ],
      "unfree": false,
      "version": "1.28.2",
      "outputs_to_install": [
        "out"
      ],
      "outputs": {
        "out": "/nix/store/29kq1qxzdwkjjaim796nrsb32gagwiim-rustup-1.28.2"
      },
      "system": "x86_64-darwin",
      "group": "toplevel",
      "priority": 5
    },
    {
      "attr_path": "rustup",
      "broken": false,
      "derivation": "/nix/store/iczgi6f7n0jh990k7j05sdr8clrphab4-rustup-1.28.2.drv",
      "description": "Rust toolchain installer",
      "install_id": "rustup",
      "license": "[ Apache-2.0, MIT ]",
      "locked_url": "https://github.com/flox/nixpkgs?rev=addf7cf5f383a3101ecfba091b98d0a1263dc9b8",
      "name": "rustup-1.28.2",
      "pname": "rustup",
      "rev": "addf7cf5f383a3101ecfba091b98d0a1263dc9b8",
      "rev_count": 908783,
      "rev_date": "2025-12-08T09:27:56Z",
      "scrape_date": "2025-12-10T03:25:31.315253Z",
      "stabilities": [
        "staging",
        "unstable"
      ],
      "unfree": false,
      "version": "1.28.2",
      "outputs_to_install": [
        "out"
      ],
      "outputs": {
        "out": "/nix/store/9y7hh1r3zysxh3x3khgv7nh8gdjklks8-rustup-1.28.2"
      },
      "system": "x86_64-linux",
      "group": "toplevel",
      "priority": 5
    }
  ]
}
